
Microsoft Visual Studio Solution File, Format Version 12.00
# Visual Studio Version 17
VisualStudioVersion = 17.3.32929.385
MinimumVisualStudioVersion = 10.0.40219.1
Project("{FAE04EC0-301F-11D3-BF4B-00C04F79EFBC}") = "1.Ado.NetGiris", "1.Ado.NetGiris.csproj", "{DF46A6C7-DF0F-45C8-9E1D-360D5898E676}"
EndProject
Global
	GlobalSection(SolutionConfigurationPlatforms) = preSolution
		Debug|Any CPU = Debug|Any CPU
		Release|Any CPU = Release|Any CPU
	EndGlobalSection
	GlobalSection(ProjectConfigurationPlatforms) = postSolution
		{DF46A6C7-DF0F-45C8-9E1D-360D5898E676}.Debug|Any CPU.ActiveCfg = Debug|Any CPU
		{DF46A6C7-DF0F-45C8-9E1D-360D5898E676}.Debug|Any CPU.Build.0 = Debug|Any CPU
		{DF46A6C7-DF0F-45C8-9E1D-360D5898E676}.Release|Any CPU.ActiveCfg = Release|Any CPU
		{DF46A6C7-DF0F-45C8-9E1D-360D5898E676}.Release|Any CPU.Build.0 = Release|Any CPU
	EndGlobalSection
	GlobalSection(SolutionProperties) = preSolution
		HideSolutionNode = FALSE
	EndGlobalSection
	GlobalSection(ExtensibilityGlobals) = postSolution
		SolutionGuid = {392711F2-164E-403D-A451-597C441F01CA}
	EndGlobalSection
EndGlobal
